PODS:
  - CatalogByConvention (2.0.0)
  - MaterialMotionCoreAnimation (2.0.0):
    - MaterialMotionRuntime (~> 6.0)
  - MaterialMotionCoreAnimationTransitions/examples (1.0.0):
    - MaterialMotionCoreAnimation (~> 2.0)
    - MaterialMotionCoreAnimationTransitions/lib
    - MaterialMotionTransitions (~> 1.0)
  - MaterialMotionCoreAnimationTransitions/lib (1.0.0):
    - MaterialMotionCoreAnimation (~> 2.0)
    - MaterialMotionTransitions (~> 1.0)
  - MaterialMotionCoreAnimationTransitions/tests (1.0.0):
    - MaterialMotionCoreAnimation (~> 2.0)
    - MaterialMotionCoreAnimationTransitions/lib
    - MaterialMotionRuntime/tests
    - MaterialMotionTransitions (~> 1.0)
  - MaterialMotionRuntime (6.0.1):
    - MaterialMotionRuntime/lib (= 6.0.1)
  - MaterialMotionRuntime/lib (6.0.1)
  - MaterialMotionRuntime/tests (6.0.1):
    - MaterialMotionRuntime/lib
  - MaterialMotionTransitions (1.1.0):
    - MaterialMotionRuntime (~> 6.0)
    - MaterialMotionTransitions/lib (= 1.1.0)
  - MaterialMotionTransitions/lib (1.1.0):
    - MaterialMotionRuntime (~> 6.0)

DEPENDENCIES:
  - CatalogByConvention
  - MaterialMotionCoreAnimationTransitions/examples (from `./`)
  - MaterialMotionCoreAnimationTransitions/tests (from `./`)
  - MaterialMotionRuntime (from `https://github.com/material-motion/runtime-objc.git`, branch `develop`)
  - MaterialMotionTransitions (from `https://github.com/material-motion/transitions-objc.git`, branch `develop`)

EXTERNAL SOURCES:
  MaterialMotionCoreAnimationTransitions:
    :path: "./"
  MaterialMotionRuntime:
    :branch: develop
    :git: https://github.com/material-motion/runtime-objc.git
  MaterialMotionTransitions:
    :branch: develop
    :git: https://github.com/material-motion/transitions-objc.git

CHECKOUT OPTIONS:
  MaterialMotionRuntime:
    :commit: '0922102d40db6d903e3691a269b00eadb01a1490'
    :git: https://github.com/material-motion/runtime-objc.git
  MaterialMotionTransitions:
    :commit: 5789053356ce82a58f3fc86462db38f0ec1b05ec
    :git: https://github.com/material-motion/transitions-objc.git

SPEC CHECKSUMS:
  CatalogByConvention: be55c2263132e4f9f59299ac8a528ee8715b3275
  MaterialMotionCoreAnimation: fc8f32e641c242a7ff40e78248b238f3954c5e75
  MaterialMotionCoreAnimationTransitions: a74d1539a5f1400a7d602670c5660553ece89d1f
  MaterialMotionRuntime: 428cc4ff81bc4190101bfb1dd34d9e13e26eeb36
  MaterialMotionTransitions: f23fe7e3058d552c2e7eca68ce27be367f068f0f

PODFILE CHECKSUM: a9cc51e5f8cdb17bae01b7ee74feb391facbe20e

COCOAPODS: 1.1.1
