PODS:
  - CatalogByConvention (2.0.0)
  - MaterialMotionCoreAnimationTransitionsPlugin (1.0.0)

DEPENDENCIES:
  - CatalogByConvention
  - MaterialMotionCoreAnimationTransitionsPlugin (from `./`)

EXTERNAL SOURCES:
  MaterialMotionCoreAnimationTransitionsPlugin:
    :path: "./"

SPEC CHECKSUMS:
  CatalogByConvention: be55c2263132e4f9f59299ac8a528ee8715b3275
  MaterialMotionCoreAnimationTransitionsPlugin: 91a861e84f5f548e95945b27706f83ffdfc61161

PODFILE CHECKSUM: 3551f8326c6828d18744f2ec867d3e470c192561

COCOAPODS: 1.1.1
